
Microsoft Visual Studio Solution File, Format Version 12.00
# Visual Studio Version 16
VisualStudioVersion = 16.0.30503.244
MinimumVisualStudioVersion = 10.0.40219.1
Project("{9A19103F-16F7-4668-BE54-9A1E7A4F7556}") = "AzureBlobStorage", "AzureBlobStorage\AzureBlobStorage.csproj", "{B28D8FA0-6309-4157-8136-F6245320CB88}"
EndProject
Project("{9A19103F-16F7-4668-BE54-9A1E7A4F7556}") = "AzureBlobStorage.Domain", "AzureBlobStorage.Domain\AzureBlobStorage.Domain.csproj", "{5CCF7BD5-377F-4758-8563-E0CD01463E25}"
EndProject
Project("{9A19103F-16F7-4668-BE54-9A1E7A4F7556}") = "AzureBlobStorage.AzureStorage", "AzureBlobStorage.AsureStorage\AzureBlobStorage.AzureStorage.csproj", "{B347DDE3-84EE-49D7-9CEF-26B1B3E63744}"
EndProject
Global
	GlobalSection(SolutionConfigurationPlatforms) = preSolution
		Debug|Any CPU = Debug|Any CPU
		Release|Any CPU = Release|Any CPU
	EndGlobalSection
	GlobalSection(ProjectConfigurationPlatforms) = postSolution
		{B28D8FA0-6309-4157-8136-F6245320CB88}.Debug|Any CPU.ActiveCfg = Debug|Any CPU
		{B28D8FA0-6309-4157-8136-F6245320CB88}.Debug|Any CPU.Build.0 = Debug|Any CPU
		{B28D8FA0-6309-4157-8136-F6245320CB88}.Release|Any CPU.ActiveCfg = Release|Any CPU
		{B28D8FA0-6309-4157-8136-F6245320CB88}.Release|Any CPU.Build.0 = Release|Any CPU
		{5CCF7BD5-377F-4758-8563-E0CD01463E25}.Debug|Any CPU.ActiveCfg = Debug|Any CPU
		{5CCF7BD5-377F-4758-8563-E0CD01463E25}.Debug|Any CPU.Build.0 = Debug|Any CPU
		{5CCF7BD5-377F-4758-8563-E0CD01463E25}.Release|Any CPU.ActiveCfg = Release|Any CPU
		{5CCF7BD5-377F-4758-8563-E0CD01463E25}.Release|Any CPU.Build.0 = Release|Any CPU
		{B347DDE3-84EE-49D7-9CEF-26B1B3E63744}.Debug|Any CPU.ActiveCfg = Debug|Any CPU
		{B347DDE3-84EE-49D7-9CEF-26B1B3E63744}.Debug|Any CPU.Build.0 = Debug|Any CPU
		{B347DDE3-84EE-49D7-9CEF-26B1B3E63744}.Release|Any CPU.ActiveCfg = Release|Any CPU
		{B347DDE3-84EE-49D7-9CEF-26B1B3E63744}.Release|Any CPU.Build.0 = Release|Any CPU
	EndGlobalSection
	GlobalSection(SolutionProperties) = preSolution
		HideSolutionNode = FALSE
	EndGlobalSection
	GlobalSection(ExtensibilityGlobals) = postSolution
		SolutionGuid = {036A475E-6F5D-4A41-A672-6FDBDF6F80FD}
	EndGlobalSection
EndGlobal
